github.com/notaryproject/notation-core-go v1.0.2 h1:VEt+mbsgdANd9b4jqgmx2C7U0DmwynOuD2Nhxh3bANw=
github.com/notaryproject/notation-core-go v1.0.2/go.mod h1:2HkQzUwg08B3x9oVIztHsEh7Vil2Rj+tYgxH+JObLX4=
github.com/notaryproject/notation-go v1.1.0 h1:7WBeH8FGoA+GkeUwmBIBnlJc/PpdYaUKfiXu6ZZeEeg=
github.com/notaryproject/notation-go v1.1.0/go.mod h1:ZSk34URQar5fnWflaFByzpDvuefgZKm/mp8Q2tQpBaw=
golang.org/x/crypto v0.18.0 h1:PGVlW0xEltQnzFZ55hkuX5+KLyrMYhHld1YHO4AKcdc=
